
Microsoft Visual Studio Solution File, Format Version 12.00
# Visual Studio 14
VisualStudioVersion = 14.0.23107.0
MinimumVisualStudioVersion = 10.0.40219.1
Project("{FAE04EC0-301F-11D3-BF4B-00C04F79EFBC}") = "CgmInfo", "CgmInfo.csproj", "{47C4F45A-FEC9-48C9-B308-4E15CD4B35CE}"
EndProject
Project("{FAE04EC0-301F-11D3-BF4B-00C04F79EFBC}") = "CgmInfoCmd", "CgmInfoCmd\CgmInfoCmd.csproj", "{577A77DD-127D-423D-A221-94F1D58F05DA}"
EndProject
Project("{FAE04EC0-301F-11D3-BF4B-00C04F79EFBC}") = "CgmInfoGui", "CgmInfoGui\CgmInfoGui.csproj", "{93329EC3-0416-441D-AFC8-0DBE4A072A03}"
EndProject
Global
	GlobalSection(SolutionConfigurationPlatforms) = preSolution
		Debug|Any CPU = Debug|Any CPU
		Release|Any CPU = Release|Any CPU
	EndGlobalSection
	GlobalSection(ProjectConfigurationPlatforms) = postSolution
		{47C4F45A-FEC9-48C9-B308-4E15CD4B35CE}.Debug|Any CPU.ActiveCfg = Debug|Any CPU
		{47C4F45A-FEC9-48C9-B308-4E15CD4B35CE}.Debug|Any CPU.Build.0 = Debug|Any CPU
		{47C4F45A-FEC9-48C9-B308-4E15CD4B35CE}.Release|Any CPU.ActiveCfg = Release|Any CPU
		{47C4F45A-FEC9-48C9-B308-4E15CD4B35CE}.Release|Any CPU.Build.0 = Release|Any CPU
		{577A77DD-127D-423D-A221-94F1D58F05DA}.Debug|Any CPU.ActiveCfg = Debug|Any CPU
		{577A77DD-127D-423D-A221-94F1D58F05DA}.Debug|Any CPU.Build.0 = Debug|Any CPU
		{577A77DD-127D-423D-A221-94F1D58F05DA}.Release|Any CPU.ActiveCfg = Release|Any CPU
		{577A77DD-127D-423D-A221-94F1D58F05DA}.Release|Any CPU.Build.0 = Release|Any CPU
		{93329EC3-0416-441D-AFC8-0DBE4A072A03}.Debug|Any CPU.ActiveCfg = Debug|Any CPU
		{93329EC3-0416-441D-AFC8-0DBE4A072A03}.Debug|Any CPU.Build.0 = Debug|Any CPU
		{93329EC3-0416-441D-AFC8-0DBE4A072A03}.Release|Any CPU.ActiveCfg = Release|Any CPU
		{93329EC3-0416-441D-AFC8-0DBE4A072A03}.Release|Any CPU.Build.0 = Release|Any CPU
	EndGlobalSection
	GlobalSection(SolutionProperties) = preSolution
		HideSolutionNode = FALSE
	EndGlobalSection
EndGlobal
